<?xml version="1.0" encoding="UTF-8"?>
<!DOCTYPE plist PUBLIC "-//Apple//DTD PLIST 1.0//EN" "http://www.apple.com/DTDs/PropertyList-1.0.dtd">
<plist version="1.0">
<dict>
	<key>archiveVersion</key>
	<string>1</string>
	<key>classes</key>
	<dict/>
	<key>objectVersion</key>
	<string>46</string>
	<key>objects</key>
	<dict>
		<key>2C600E3B8AFE6E2448839735</key>
		<dict>
			<key>explicitFileType</key>
			<string>archive.ar</string>
			<key>includeInIndex</key>
			<string>0</string>
			<key>isa</key>
			<string>PBXFileReference</string>
			<key>path</key>
			<string>libPods.a</string>
			<key>sourceTree</key>
			<string>BUILT_PRODUCTS_DIR</string>
		</dict>
		<key>384428A461C3A02C52C90A62</key>
		<dict>
			<key>includeInIndex</key>
			<string>1</string>
			<key>isa</key>
			<string>PBXFileReference</string>
			<key>lastKnownFileType</key>
			<string>text.xcconfig</string>
			<key>name</key>
			<string>Pods.debug.xcconfig</string>
			<key>path</key>
			<string>Pods/Target Support Files/Pods/Pods.debug.xcconfig</string>
			<key>sourceTree</key>
			<string>&lt;group&gt;</string>
		</dict>
		<key>42AA27991AB7F42A0031F6C1</key>
		<dict>
			<key>children</key>
			<array>
				<string>42AA27D41AB7F45D0031F6C1</string>
				<string>42AA27AB1AB7F42A0031F6C1</string>
				<string>42AA27C41AB7F42A0031F6C1</string>
				<string>42AA27A41AB7F42A0031F6C1</string>
				<string>42AA27A31AB7F42A0031F6C1</string>
				<string>4CF10891D0EC426ED5C94B85</string>
			</array>
			<key>isa</key>
			<string>PBXGroup</string>
			<key>sourceTree</key>
			<string>&lt;group&gt;</string>
		</dict>
		<key>42AA279A1AB7F42A0031F6C1</key>
		<dict>
			<key>attributes</key>
			<dict>
				<key>LastUpgradeCheck</key>
				<string>0510</string>
				<key>ORGANIZATIONNAME</key>
				<string>&#24191;&#24030;&#20256;&#35759;&#20449;&#24687;&#31185;&#25216;&#26377;&#38480;&#20844;&#21496;</string>
				<key>TargetAttributes</key>
				<dict>
					<key>42AA27BC1AB7F42A0031F6C1</key>
					<dict>
						<key>TestTargetID</key>
						<string>42AA27A11AB7F42A0031F6C1</string>
					</dict>
				</dict>
			</dict>
			<key>buildConfigurationList</key>
			<string>42AA279D1AB7F42A0031F6C1</string>
			<key>compatibilityVersion</key>
			<string>Xcode 3.2</string>
			<key>developmentRegion</key>
			<string>English</string>
			<key>hasScannedForEncodings</key>
			<string>0</string>
			<key>isa</key>
			<string>PBXProject</string>
			<key>knownRegions</key>
			<array>
				<string>en</string>
			</array>
			<key>mainGroup</key>
			<string>42AA27991AB7F42A0031F6C1</string>
			<key>productRefGroup</key>
			<string>42AA27A31AB7F42A0031F6C1</string>
			<key>projectDirPath</key>
			<string></string>
			<key>projectReferences</key>
			<array/>
			<key>projectRoot</key>
			<string></string>
			<key>targets</key>
			<array>
				<string>42AA27A11AB7F42A0031F6C1</string>
				<string>42AA27BC1AB7F42A0031F6C1</string>
			</array>
		</dict>
		<key>42AA279D1AB7F42A0031F6C1</key>
		<dict>
			<key>buildConfigurations</key>
			<array>
				<string>42AA27CC1AB7F42A0031F6C1</string>
				<string>42AA27CD1AB7F42A0031F6C1</string>
			</array>
			<key>defaultConfigurationIsVisible</key>
			<string>0</string>
			<key>defaultConfigurationName</key>
			<string>Release</string>
			<key>isa</key>
			<string>XCConfigurationList</string>
		</dict>
		<key>42AA279E1AB7F42A0031F6C1</key>
		<dict>
			<key>buildActionMask</key>
			<string>2147483647</string>
			<key>files</key>
			<array>
				<string>42AA27E71AB800850031F6C1</string>
				<string>42AA27B61AB7F42A0031F6C1</string>
				<string>42AA27E31AB800760031F6C1</string>
				<string>42AA27D61AB7F45D0031F6C1</string>
				<string>42AA27DE1AB7F5B00031F6C1</string>
				<string>42AA27DB1AB7F5560031F6C1</string>
				<string>42AA27B21AB7F42A0031F6C1</string>
			</array>
			<key>isa</key>
			<string>PBXSourcesBuildPhase</string>
			<key>runOnlyForDeploymentPostprocessing</key>
			<string>0</string>
		</dict>
		<key>42AA279F1AB7F42A0031F6C1</key>
		<dict>
			<key>buildActionMask</key>
			<string>2147483647</string>
			<key>files</key>
			<array>
				<string>42AA27D81AB7F4E70031F6C1</string>
				<string>42AA27A81AB7F42A0031F6C1</string>
				<string>42AA27AA1AB7F42A0031F6C1</string>
				<string>42AA27A61AB7F42A0031F6C1</string>
				<string>8AF538968BABBC9A6640D9FC</string>
			</array>
			<key>isa</key>
			<string>PBXFrameworksBuildPhase</string>
			<key>runOnlyForDeploymentPostprocessing</key>
			<string>0</string>
		</dict>
		<key>42AA27A01AB7F42A0031F6C1</key>
		<dict>
			<key>buildActionMask</key>
			<string>2147483647</string>
			<key>files</key>
			<array>
				<string>42AA27B01AB7F42A0031F6C1</string>
				<string>42AA27E81AB800850031F6C1</string>
				<string>42AA27B81AB7F42A0031F6C1</string>
				<string>42AA27E01AB8004E0031F6C1</string>
			</array>
			<key>isa</key>
			<string>PBXResourcesBuildPhase</string>
			<key>runOnlyForDeploymentPostprocessing</key>
			<string>0</string>
		</dict>
		<key>42AA27A11AB7F42A0031F6C1</key>
		<dict>
			<key>buildConfigurationList</key>
			<string>42AA27CE1AB7F42A0031F6C1</string>
			<key>buildPhases</key>
			<array>
				<string>9A5F6D11073323253A56E4E9</string>
				<string>42AA279E1AB7F42A0031F6C1</string>
				<string>42AA279F1AB7F42A0031F6C1</string>
				<string>42AA27A01AB7F42A0031F6C1</string>
				<string>AFCB6B91B9450635690A54E7</string>
			</array>
			<key>buildRules</key>
			<array/>
			<key>dependencies</key>
			<array/>
			<key>isa</key>
			<string>PBXNativeTarget</string>
			<key>name</key>
			<string>CoreData_Demo</string>
			<key>productName</key>
			<string>CoreData_Demo</string>
			<key>productReference</key>
			<string>42AA27A21AB7F42A0031F6C1</string>
			<key>productType</key>
			<string>com.apple.product-type.application</string>
		</dict>
		<key>42AA27A21AB7F42A0031F6C1</key>
		<dict>
			<key>explicitFileType</key>
			<string>wrapper.application</string>
			<key>includeInIndex</key>
			<string>0</string>
			<key>isa</key>
			<string>PBXFileReference</string>
			<key>path</key>
			<string>CoreData_Demo.app</string>
			<key>sourceTree</key>
			<string>BUILT_PRODUCTS_DIR</string>
		</dict>
		<key>42AA27A31AB7F42A0031F6C1</key>
		<dict>
			<key>children</key>
			<array>
				<string>42AA27A21AB7F42A0031F6C1</string>
				<string>42AA27BD1AB7F42A0031F6C1</string>
			</array>
			<key>isa</key>
			<string>PBXGroup</string>
			<key>name</key>
			<string>Products</string>
			<key>sourceTree</key>
			<string>&lt;group&gt;</string>
		</dict>
		<key>42AA27A41AB7F42A0031F6C1</key>
		<dict>
			<key>children</key>
			<array>
				<string>42AA27D71AB7F4E70031F6C1</string>
				<string>42AA27A51AB7F42A0031F6C1</string>
				<string>42AA27A71AB7F42A0031F6C1</string>
				<string>42AA27A91AB7F42A0031F6C1</string>
				<string>42AA27BE1AB7F42A0031F6C1</string>
				<string>2C600E3B8AFE6E2448839735</string>
			</array>
			<key>isa</key>
			<string>PBXGroup</string>
			<key>name</key>
			<string>Frameworks</string>
			<key>sourceTree</key>
			<string>&lt;group&gt;</string>
		</dict>
		<key>42AA27A51AB7F42A0031F6C1</key>
		<dict>
			<key>isa</key>
			<string>PBXFileReference</string>
			<key>lastKnownFileType</key>
			<string>wrapper.framework</string>
			<key>name</key>
			<string>Foundation.framework</string>
			<key>path</key>
			<string>System/Library/Frameworks/Foundation.framework</string>
			<key>sourceTree</key>
			<string>SDKROOT</string>
		</dict>
		<key>42AA27A61AB7F42A0031F6C1</key>
		<dict>
			<key>fileRef</key>
			<string>42AA27A51AB7F42A0031F6C1</string>
			<key>isa</key>
			<string>PBXBuildFile</string>
		</dict>
		<key>42AA27A71AB7F42A0031F6C1</key>
		<dict>
			<key>isa</key>
			<string>PBXFileReference</string>
			<key>lastKnownFileType</key>
			<string>wrapper.framework</string>
			<key>name</key>
			<string>CoreGraphics.framework</string>
			<key>path</key>
			<string>System/Library/Frameworks/CoreGraphics.framework</string>
			<key>sourceTree</key>
			<string>SDKROOT</string>
		</dict>
		<key>42AA27A81AB7F42A0031F6C1</key>
		<dict>
			<key>fileRef</key>
			<string>42AA27A71AB7F42A0031F6C1</string>
			<key>isa</key>
			<string>PBXBuildFile</string>
		</dict>
		<key>42AA27A91AB7F42A0031F6C1</key>
		<dict>
			<key>isa</key>
			<string>PBXFileReference</string>
			<key>lastKnownFileType</key>
			<string>wrapper.framework</string>
			<key>name</key>
			<string>UIKit.framework</string>
			<key>path</key>
			<string>System/Library/Frameworks/UIKit.framework</string>
			<key>sourceTree</key>
			<string>SDKROOT</string>
		</dict>
		<key>42AA27AA1AB7F42A0031F6C1</key>
		<dict>
			<key>fileRef</key>
			<string>42AA27A91AB7F42A0031F6C1</string>
			<key>isa</key>
			<string>PBXBuildFile</string>
		</dict>
		<key>42AA27AB1AB7F42A0031F6C1</key>
		<dict>
			<key>children</key>
			<array>
				<string>42AA27B41AB7F42A0031F6C1</string>
				<string>42AA27B51AB7F42A0031F6C1</string>
				<string>42AA27E11AB800760031F6C1</string>
				<string>42AA27E21AB800760031F6C1</string>
				<string>42AA27E41AB800850031F6C1</string>
				<string>42AA27E51AB800850031F6C1</string>
				<string>42AA27E61AB800850031F6C1</string>
				<string>42AA27DC1AB7F5B00031F6C1</string>
				<string>42AA27DD1AB7F5B00031F6C1</string>
				<string>42AA27D91AB7F5560031F6C1</string>
				<string>42AA27DA1AB7F5560031F6C1</string>
				<string>42AA27B71AB7F42A0031F6C1</string>
				<string>42AA27AC1AB7F42A0031F6C1</string>
			</array>
			<key>isa</key>
			<string>PBXGroup</string>
			<key>path</key>
			<string>CoreData_Demo</string>
			<key>sourceTree</key>
			<string>&lt;group&gt;</string>
		</dict>
		<key>42AA27AC1AB7F42A0031F6C1</key>
		<dict>
			<key>children</key>
			<array>
				<string>42AA27DF1AB8004E0031F6C1</string>
				<string>42AA27AD1AB7F42A0031F6C1</string>
				<string>42AA27AE1AB7F42A0031F6C1</string>
				<string>42AA27B11AB7F42A0031F6C1</string>
				<string>42AA27B31AB7F42A0031F6C1</string>
			</array>
			<key>isa</key>
			<string>PBXGroup</string>
			<key>name</key>
			<string>Supporting Files</string>
			<key>sourceTree</key>
			<string>&lt;group&gt;</string>
		</dict>
		<key>42AA27AD1AB7F42A0031F6C1</key>
		<dict>
			<key>isa</key>
			<string>PBXFileReference</string>
			<key>lastKnownFileType</key>
			<string>text.plist.xml</string>
			<key>path</key>
			<string>CoreData_Demo-Info.plist</string>
			<key>sourceTree</key>
			<string>&lt;group&gt;</string>
		</dict>
		<key>42AA27AE1AB7F42A0031F6C1</key>
		<dict>
			<key>children</key>
			<array>
				<string>42AA27AF1AB7F42A0031F6C1</string>
			</array>
			<key>isa</key>
			<string>PBXVariantGroup</string>
			<key>name</key>
			<string>InfoPlist.strings</string>
			<key>sourceTree</key>
			<string>&lt;group&gt;</string>
		</dict>
		<key>42AA27AF1AB7F42A0031F6C1</key>
		<dict>
			<key>isa</key>
			<string>PBXFileReference</string>
			<key>lastKnownFileType</key>
			<string>text.plist.strings</string>
			<key>name</key>
			<string>en</string>
			<key>path</key>
			<string>en.lproj/InfoPlist.strings</string>
			<key>sourceTree</key>
			<string>&lt;group&gt;</string>
		</dict>
		<key>42AA27B01AB7F42A0031F6C1</key>
		<dict>
			<key>fileRef</key>
			<string>42AA27AE1AB7F42A0031F6C1</string>
			<key>isa</key>
			<string>PBXBuildFile</string>
		</dict>
		<key>42AA27B11AB7F42A0031F6C1</key>
		<dict>
			<key>isa</key>
			<string>PBXFileReference</string>
			<key>lastKnownFileType</key>
			<string>sourcecode.c.objc</string>
			<key>path</key>
			<string>main.m</string>
			<key>sourceTree</key>
			<string>&lt;group&gt;</string>
		</dict>
		<key>42AA27B21AB7F42A0031F6C1</key>
		<dict>
			<key>fileRef</key>
			<string>42AA27B11AB7F42A0031F6C1</string>
			<key>isa</key>
			<string>PBXBuildFile</string>
		</dict>
		<key>42AA27B31AB7F42A0031F6C1</key>
		<dict>
			<key>isa</key>
			<string>PBXFileReference</string>
			<key>lastKnownFileType</key>
			<string>sourcecode.c.h</string>
			<key>path</key>
			<string>CoreData_Demo-Prefix.pch</string>
			<key>sourceTree</key>
			<string>&lt;group&gt;</string>
		</dict>
		<key>42AA27B41AB7F42A0031F6C1</key>
		<dict>
			<key>isa</key>
			<string>PBXFileReference</string>
			<key>lastKnownFileType</key>
			<string>sourcecode.c.h</string>
			<key>path</key>
			<string>AppDelegate.h</string>
			<key>sourceTree</key>
			<string>&lt;group&gt;</string>
		</dict>
		<key>42AA27B51AB7F42A0031F6C1</key>
		<dict>
			<key>isa</key>
			<string>PBXFileReference</string>
			<key>lastKnownFileType</key>
			<string>sourcecode.c.objc</string>
			<key>path</key>
			<string>AppDelegate.m</string>
			<key>sourceTree</key>
			<string>&lt;group&gt;</string>
		</dict>
		<key>42AA27B61AB7F42A0031F6C1</key>
		<dict>
			<key>fileRef</key>
			<string>42AA27B51AB7F42A0031F6C1</string>
			<key>isa</key>
			<string>PBXBuildFile</string>
		</dict>
		<key>42AA27B71AB7F42A0031F6C1</key>
		<dict>
			<key>isa</key>
			<string>PBXFileReference</string>
			<key>lastKnownFileType</key>
			<string>folder.assetcatalog</string>
			<key>path</key>
			<string>Images.xcassets</string>
			<key>sourceTree</key>
			<string>&lt;group&gt;</string>
		</dict>
		<key>42AA27B81AB7F42A0031F6C1</key>
		<dict>
			<key>fileRef</key>
			<string>42AA27B71AB7F42A0031F6C1</string>
			<key>isa</key>
			<string>PBXBuildFile</string>
		</dict>
		<key>42AA27B91AB7F42A0031F6C1</key>
		<dict>
			<key>buildActionMask</key>
			<string>2147483647</string>
			<key>files</key>
			<array>
				<string>42AA27CB1AB7F42A0031F6C1</string>
			</array>
			<key>isa</key>
			<string>PBXSourcesBuildPhase</string>
			<key>runOnlyForDeploymentPostprocessing</key>
			<string>0</string>
		</dict>
		<key>42AA27BA1AB7F42A0031F6C1</key>
		<dict>
			<key>buildActionMask</key>
			<string>2147483647</string>
			<key>files</key>
			<array>
				<string>42AA27BF1AB7F42A0031F6C1</string>
				<string>42AA27C11AB7F42A0031F6C1</string>
				<string>42AA27C01AB7F42A0031F6C1</string>
			</array>
			<key>isa</key>
			<string>PBXFrameworksBuildPhase</string>
			<key>runOnlyForDeploymentPostprocessing</key>
			<string>0</string>
		</dict>
		<key>42AA27BB1AB7F42A0031F6C1</key>
		<dict>
			<key>buildActionMask</key>
			<string>2147483647</string>
			<key>files</key>
			<array>
				<string>42AA27C91AB7F42A0031F6C1</string>
			</array>
			<key>isa</key>
			<string>PBXResourcesBuildPhase</string>
			<key>runOnlyForDeploymentPostprocessing</key>
			<string>0</string>
		</dict>
		<key>42AA27BC1AB7F42A0031F6C1</key>
		<dict>
			<key>buildConfigurationList</key>
			<string>42AA27D11AB7F42A0031F6C1</string>
			<key>buildPhases</key>
			<array>
				<string>42AA27B91AB7F42A0031F6C1</string>
				<string>42AA27BA1AB7F42A0031F6C1</string>
				<string>42AA27BB1AB7F42A0031F6C1</string>
			</array>
			<key>buildRules</key>
			<array/>
			<key>dependencies</key>
			<array>
				<string>42AA27C31AB7F42A0031F6C1</string>
			</array>
			<key>isa</key>
			<string>PBXNativeTarget</string>
			<key>name</key>
			<string>CoreData_DemoTests</string>
			<key>productName</key>
			<string>CoreData_DemoTests</string>
			<key>productReference</key>
			<string>42AA27BD1AB7F42A0031F6C1</string>
			<key>productType</key>
			<string>com.apple.product-type.bundle.unit-test</string>
		</dict>
		<key>42AA27BD1AB7F42A0031F6C1</key>
		<dict>
			<key>explicitFileType</key>
			<string>wrapper.cfbundle</string>
			<key>includeInIndex</key>
			<string>0</string>
			<key>isa</key>
			<string>PBXFileReference</string>
			<key>path</key>
			<string>CoreData_DemoTests.xctest</string>
			<key>sourceTree</key>
			<string>BUILT_PRODUCTS_DIR</string>
		</dict>
		<key>42AA27BE1AB7F42A0031F6C1</key>
		<dict>
			<key>isa</key>
			<string>PBXFileReference</string>
			<key>lastKnownFileType</key>
			<string>wrapper.framework</string>
			<key>name</key>
			<string>XCTest.framework</string>
			<key>path</key>
			<string>Library/Frameworks/XCTest.framework</string>
			<key>sourceTree</key>
			<string>DEVELOPER_DIR</string>
		</dict>
		<key>42AA27BF1AB7F42A0031F6C1</key>
		<dict>
			<key>fileRef</key>
			<string>42AA27BE1AB7F42A0031F6C1</string>
			<key>isa</key>
			<string>PBXBuildFile</string>
		</dict>
		<key>42AA27C01AB7F42A0031F6C1</key>
		<dict>
			<key>fileRef</key>
			<string>42AA27A51AB7F42A0031F6C1</string>
			<key>isa</key>
			<string>PBXBuildFile</string>
		</dict>
		<key>42AA27C11AB7F42A0031F6C1</key>
		<dict>
			<key>fileRef</key>
			<string>42AA27A91AB7F42A0031F6C1</string>
			<key>isa</key>
			<string>PBXBuildFile</string>
		</dict>
		<key>42AA27C21AB7F42A0031F6C1</key>
		<dict>
			<key>containerPortal</key>
			<string>42AA279A1AB7F42A0031F6C1</string>
			<key>isa</key>
			<string>PBXContainerItemProxy</string>
			<key>proxyType</key>
			<string>1</string>
			<key>remoteGlobalIDString</key>
			<string>42AA27A11AB7F42A0031F6C1</string>
			<key>remoteInfo</key>
			<string>CoreData_Demo</string>
		</dict>
		<key>42AA27C31AB7F42A0031F6C1</key>
		<dict>
			<key>isa</key>
			<string>PBXTargetDependency</string>
			<key>target</key>
			<string>42AA27A11AB7F42A0031F6C1</string>
			<key>targetProxy</key>
			<string>42AA27C21AB7F42A0031F6C1</string>
		</dict>
		<key>42AA27C41AB7F42A0031F6C1</key>
		<dict>
			<key>children</key>
			<array>
				<string>42AA27CA1AB7F42A0031F6C1</string>
				<string>42AA27C51AB7F42A0031F6C1</string>
			</array>
			<key>isa</key>
			<string>PBXGroup</string>
			<key>path</key>
			<string>CoreData_DemoTests</string>
			<key>sourceTree</key>
			<string>&lt;group&gt;</string>
		</dict>
		<key>42AA27C51AB7F42A0031F6C1</key>
		<dict>
			<key>children</key>
			<array>
				<string>42AA27C61AB7F42A0031F6C1</string>
				<string>42AA27C71AB7F42A0031F6C1</string>
			</array>
			<key>isa</key>
			<string>PBXGroup</string>
			<key>name</key>
			<string>Supporting Files</string>
			<key>sourceTree</key>
			<string>&lt;group&gt;</string>
		</dict>
		<key>42AA27C61AB7F42A0031F6C1</key>
		<dict>
			<key>isa</key>
			<string>PBXFileReference</string>
			<key>lastKnownFileType</key>
			<string>text.plist.xml</string>
			<key>path</key>
			<string>CoreData_DemoTests-Info.plist</string>
			<key>sourceTree</key>
			<string>&lt;group&gt;</string>
		</dict>
		<key>42AA27C71AB7F42A0031F6C1</key>
		<dict>
			<key>children</key>
			<array>
				<string>42AA27C81AB7F42A0031F6C1</string>
			</array>
			<key>isa</key>
			<string>PBXVariantGroup</string>
			<key>name</key>
			<string>InfoPlist.strings</string>
			<key>sourceTree</key>
			<string>&lt;group&gt;</string>
		</dict>
		<key>42AA27C81AB7F42A0031F6C1</key>
		<dict>
			<key>isa</key>
			<string>PBXFileReference</string>
			<key>lastKnownFileType</key>
			<string>text.plist.strings</string>
			<key>name</key>
			<string>en</string>
			<key>path</key>
			<string>en.lproj/InfoPlist.strings</string>
			<key>sourceTree</key>
			<string>&lt;group&gt;</string>
		</dict>
		<key>42AA27C91AB7F42A0031F6C1</key>
		<dict>
			<key>fileRef</key>
			<string>42AA27C71AB7F42A0031F6C1</string>
			<key>isa</key>
			<string>PBXBuildFile</string>
		</dict>
		<key>42AA27CA1AB7F42A0031F6C1</key>
		<dict>
			<key>isa</key>
			<string>PBXFileReference</string>
			<key>lastKnownFileType</key>
			<string>sourcecode.c.objc</string>
			<key>path</key>
			<string>CoreData_DemoTests.m</string>
			<key>sourceTree</key>
			<string>&lt;group&gt;</string>
		</dict>
		<key>42AA27CB1AB7F42A0031F6C1</key>
		<dict>
			<key>fileRef</key>
			<string>42AA27CA1AB7F42A0031F6C1</string>
			<key>isa</key>
			<string>PBXBuildFile</string>
		</dict>
		<key>42AA27CC1AB7F42A0031F6C1</key>
		<dict>
			<key>buildSettings</key>
			<dict>
				<key>ALWAYS_SEARCH_USER_PATHS</key>
				<string>NO</string>
				<key>CLANG_CXX_LANGUAGE_STANDARD</key>
				<string>gnu++0x</string>
				<key>CLANG_CXX_LIBRARY</key>
				<string>libc++</string>
				<key>CLANG_ENABLE_MODULES</key>
				<string>YES</string>
				<key>CLANG_ENABLE_OBJC_ARC</key>
				<string>YES</string>
				<key>CLANG_WARN_BOOL_CONVERSION</key>
				<string>YES</string>
				<key>CLANG_WARN_CONSTANT_CONVERSION</key>
				<string>YES</string>
				<key>CLANG_WARN_DIRECT_OBJC_ISA_USAGE</key>
				<string>YES_ERROR</string>
				<key>CLANG_WARN_EMPTY_BODY</key>
				<string>YES</string>
				<key>CLANG_WARN_ENUM_CONVERSION</key>
				<string>YES</string>
				<key>CLANG_WARN_INT_CONVERSION</key>
				<string>YES</string>
				<key>CLANG_WARN_OBJC_ROOT_CLASS</key>
				<string>YES_ERROR</string>
				<key>CLANG_WARN__DUPLICATE_METHOD_MATCH</key>
				<string>YES</string>
				<key>CODE_SIGN_IDENTITY[sdk=iphoneos*]</key>
				<string>iPhone Developer</string>
				<key>COPY_PHASE_STRIP</key>
				<string>NO</string>
				<key>GCC_C_LANGUAGE_STANDARD</key>
				<string>gnu99</string>
				<key>GCC_DYNAMIC_NO_PIC</key>
				<string>NO</string>
				<key>GCC_OPTIMIZATION_LEVEL</key>
				<string>0</string>
				<key>GCC_PREPROCESSOR_DEFINITIONS</key>
				<array>
					<string>DEBUG=1</string>
					<string>$(inherited)</string>
				</array>
				<key>GCC_SYMBOLS_PRIVATE_EXTERN</key>
				<string>NO</string>
				<key>GCC_WARN_64_TO_32_BIT_CONVERSION</key>
				<string>YES</string>
				<key>GCC_WARN_ABOUT_RETURN_TYPE</key>
				<string>YES_ERROR</string>
				<key>GCC_WARN_UNDECLARED_SELECTOR</key>
				<string>YES</string>
				<key>GCC_WARN_UNINITIALIZED_AUTOS</key>
				<string>YES_AGGRESSIVE</string>
				<key>GCC_WARN_UNUSED_FUNCTION</key>
				<string>YES</string>
				<key>GCC_WARN_UNUSED_VARIABLE</key>
				<string>YES</string>
				<key>IPHONEOS_DEPLOYMENT_TARGET</key>
				<string>7.1</string>
				<key>ONLY_ACTIVE_ARCH</key>
				<string>YES</string>
				<key>SDKROOT</key>
				<string>iphoneos</string>
			</dict>
			<key>isa</key>
			<string>XCBuildConfiguration</string>
			<key>name</key>
			<string>Debug</string>
		</dict>
		<key>42AA27CD1AB7F42A0031F6C1</key>
		<dict>
			<key>buildSettings</key>
			<dict>
				<key>ALWAYS_SEARCH_USER_PATHS</key>
				<string>NO</string>
				<key>CLANG_CXX_LANGUAGE_STANDARD</key>
				<string>gnu++0x</string>
				<key>CLANG_CXX_LIBRARY</key>
				<string>libc++</string>
				<key>CLANG_ENABLE_MODULES</key>
				<string>YES</string>
				<key>CLANG_ENABLE_OBJC_ARC</key>
				<string>YES</string>
				<key>CLANG_WARN_BOOL_CONVERSION</key>
				<string>YES</string>
				<key>CLANG_WARN_CONSTANT_CONVERSION</key>
				<string>YES</string>
				<key>CLANG_WARN_DIRECT_OBJC_ISA_USAGE</key>
				<string>YES_ERROR</string>
				<key>CLANG_WARN_EMPTY_BODY</key>
				<string>YES</string>
				<key>CLANG_WARN_ENUM_CONVERSION</key>
				<string>YES</string>
				<key>CLANG_WARN_INT_CONVERSION</key>
				<string>YES</string>
				<key>CLANG_WARN_OBJC_ROOT_CLASS</key>
				<string>YES_ERROR</string>
				<key>CLANG_WARN__DUPLICATE_METHOD_MATCH</key>
				<string>YES</string>
				<key>CODE_SIGN_IDENTITY[sdk=iphoneos*]</key>
				<string>iPhone Developer</string>
				<key>COPY_PHASE_STRIP</key>
				<string>YES</string>
				<key>ENABLE_NS_ASSERTIONS</key>
				<string>NO</string>
				<key>GCC_C_LANGUAGE_STANDARD</key>
				<string>gnu99</string>
				<key>GCC_WARN_64_TO_32_BIT_CONVERSION</key>
				<string>YES</string>
				<key>GCC_WARN_ABOUT_RETURN_TYPE</key>
				<string>YES_ERROR</string>
				<key>GCC_WARN_UNDECLARED_SELECTOR</key>
				<string>YES</string>
				<key>GCC_WARN_UNINITIALIZED_AUTOS</key>
				<string>YES_AGGRESSIVE</string>
				<key>GCC_WARN_UNUSED_FUNCTION</key>
				<string>YES</string>
				<key>GCC_WARN_UNUSED_VARIABLE</key>
				<string>YES</string>
				<key>IPHONEOS_DEPLOYMENT_TARGET</key>
				<string>7.1</string>
				<key>SDKROOT</key>
				<string>iphoneos</string>
				<key>VALIDATE_PRODUCT</key>
				<string>YES</string>
			</dict>
			<key>isa</key>
			<string>XCBuildConfiguration</string>
			<key>name</key>
			<string>Release</string>
		</dict>
		<key>42AA27CE1AB7F42A0031F6C1</key>
		<dict>
			<key>buildConfigurations</key>
			<array>
				<string>42AA27CF1AB7F42A0031F6C1</string>
				<string>42AA27D01AB7F42A0031F6C1</string>
			</array>
			<key>defaultConfigurationIsVisible</key>
			<string>0</string>
			<key>isa</key>
			<string>XCConfigurationList</string>
		</dict>
		<key>42AA27CF1AB7F42A0031F6C1</key>
		<dict>
			<key>baseConfigurationReference</key>
			<string>384428A461C3A02C52C90A62</string>
			<key>buildSettings</key>
			<dict>
				<key>ASSETCATALOG_COMPILER_APPICON_NAME</key>
				<string>AppIcon</string>
				<key>ASSETCATALOG_COMPILER_LAUNCHIMAGE_NAME</key>
				<string>LaunchImage</string>
				<key>GCC_PRECOMPILE_PREFIX_HEADER</key>
				<string>YES</string>
				<key>GCC_PREFIX_HEADER</key>
				<string>CoreData_Demo/CoreData_Demo-Prefix.pch</string>
				<key>INFOPLIST_FILE</key>
				<string>CoreData_Demo/CoreData_Demo-Info.plist</string>
				<key>PRODUCT_NAME</key>
				<string>$(TARGET_NAME)</string>
				<key>WRAPPER_EXTENSION</key>
				<string>app</string>
			</dict>
			<key>isa</key>
			<string>XCBuildConfiguration</string>
			<key>name</key>
			<string>Debug</string>
		</dict>
		<key>42AA27D01AB7F42A0031F6C1</key>
		<dict>
			<key>baseConfigurationReference</key>
			<string>B52809BC1C13324ADC6F4C06</string>
			<key>buildSettings</key>
			<dict>
				<key>ASSETCATALOG_COMPILER_APPICON_NAME</key>
				<string>AppIcon</string>
				<key>ASSETCATALOG_COMPILER_LAUNCHIMAGE_NAME</key>
				<string>LaunchImage</string>
				<key>GCC_PRECOMPILE_PREFIX_HEADER</key>
				<string>YES</string>
				<key>GCC_PREFIX_HEADER</key>
				<string>CoreData_Demo/CoreData_Demo-Prefix.pch</string>
				<key>INFOPLIST_FILE</key>
				<string>CoreData_Demo/CoreData_Demo-Info.plist</string>
				<key>PRODUCT_NAME</key>
				<string>$(TARGET_NAME)</string>
				<key>WRAPPER_EXTENSION</key>
				<string>app</string>
			</dict>
			<key>isa</key>
			<string>XCBuildConfiguration</string>
			<key>name</key>
			<string>Release</string>
		</dict>
		<key>42AA27D11AB7F42A0031F6C1</key>
		<dict>
			<key>buildConfigurations</key>
			<array>
				<string>42AA27D21AB7F42A0031F6C1</string>
				<string>42AA27D31AB7F42A0031F6C1</string>
			</array>
			<key>defaultConfigurationIsVisible</key>
			<string>0</string>
			<key>isa</key>
			<string>XCConfigurationList</string>
		</dict>
		<key>42AA27D21AB7F42A0031F6C1</key>
		<dict>
			<key>buildSettings</key>
			<dict>
				<key>BUNDLE_LOADER</key>
				<string>$(BUILT_PRODUCTS_DIR)/CoreData_Demo.app/CoreData_Demo</string>
				<key>FRAMEWORK_SEARCH_PATHS</key>
				<array>
					<string>$(SDKROOT)/Developer/Library/Frameworks</string>
					<string>$(inherited)</string>
					<string>$(DEVELOPER_FRAMEWORKS_DIR)</string>
				</array>
				<key>GCC_PRECOMPILE_PREFIX_HEADER</key>
				<string>YES</string>
				<key>GCC_PREFIX_HEADER</key>
				<string>CoreData_Demo/CoreData_Demo-Prefix.pch</string>
				<key>GCC_PREPROCESSOR_DEFINITIONS</key>
				<array>
					<string>DEBUG=1</string>
					<string>$(inherited)</string>
				</array>
				<key>INFOPLIST_FILE</key>
				<string>CoreData_DemoTests/CoreData_DemoTests-Info.plist</string>
				<key>PRODUCT_NAME</key>
				<string>$(TARGET_NAME)</string>
				<key>TEST_HOST</key>
				<string>$(BUNDLE_LOADER)</string>
				<key>WRAPPER_EXTENSION</key>
				<string>xctest</string>
			</dict>
			<key>isa</key>
			<string>XCBuildConfiguration</string>
			<key>name</key>
			<string>Debug</string>
		</dict>
		<key>42AA27D31AB7F42A0031F6C1</key>
		<dict>
			<key>buildSettings</key>
			<dict>
				<key>BUNDLE_LOADER</key>
				<string>$(BUILT_PRODUCTS_DIR)/CoreData_Demo.app/CoreData_Demo</string>
				<key>FRAMEWORK_SEARCH_PATHS</key>
				<array>
					<string>$(SDKROOT)/Developer/Library/Frameworks</string>
					<string>$(inherited)</string>
					<string>$(DEVELOPER_FRAMEWORKS_DIR)</string>
				</array>
				<key>GCC_PRECOMPILE_PREFIX_HEADER</key>
				<string>YES</string>
				<key>GCC_PREFIX_HEADER</key>
				<string>CoreData_Demo/CoreData_Demo-Prefix.pch</string>
				<key>INFOPLIST_FILE</key>
				<string>CoreData_DemoTests/CoreData_DemoTests-Info.plist</string>
				<key>PRODUCT_NAME</key>
				<string>$(TARGET_NAME)</string>
				<key>TEST_HOST</key>
				<string>$(BUNDLE_LOADER)</string>
				<key>WRAPPER_EXTENSION</key>
				<string>xctest</string>
			</dict>
			<key>isa</key>
			<string>XCBuildConfiguration</string>
			<key>name</key>
			<string>Release</string>
		</dict>
		<key>42AA27D41AB7F45D0031F6C1</key>
		<dict>
			<key>children</key>
			<array>
				<string>42AA27D51AB7F45D0031F6C1</string>
			</array>
			<key>currentVersion</key>
			<string>42AA27D51AB7F45D0031F6C1</string>
			<key>isa</key>
			<string>XCVersionGroup</string>
			<key>path</key>
			<string>NewsModel.xcdatamodeld</string>
			<key>sourceTree</key>
			<string>&lt;group&gt;</string>
			<key>versionGroupType</key>
			<string>wrapper.xcdatamodel</string>
		</dict>
		<key>42AA27D51AB7F45D0031F6C1</key>
		<dict>
			<key>isa</key>
			<string>PBXFileReference</string>
			<key>lastKnownFileType</key>
			<string>wrapper.xcdatamodel</string>
			<key>path</key>
			<string>NewsModel.xcdatamodel</string>
			<key>sourceTree</key>
			<string>&lt;group&gt;</string>
		</dict>
		<key>42AA27D61AB7F45D0031F6C1</key>
		<dict>
			<key>fileRef</key>
			<string>42AA27D41AB7F45D0031F6C1</string>
			<key>isa</key>
			<string>PBXBuildFile</string>
		</dict>
		<key>42AA27D71AB7F4E70031F6C1</key>
		<dict>
			<key>isa</key>
			<string>PBXFileReference</string>
			<key>lastKnownFileType</key>
			<string>wrapper.framework</string>
			<key>name</key>
			<string>CoreData.framework</string>
			<key>path</key>
			<string>System/Library/Frameworks/CoreData.framework</string>
			<key>sourceTree</key>
			<string>SDKROOT</string>
		</dict>
		<key>42AA27D81AB7F4E70031F6C1</key>
		<dict>
			<key>fileRef</key>
			<string>42AA27D71AB7F4E70031F6C1</string>
			<key>isa</key>
			<string>PBXBuildFile</string>
		</dict>
		<key>42AA27D91AB7F5560031F6C1</key>
		<dict>
			<key>fileEncoding</key>
			<string>4</string>
			<key>isa</key>
			<string>PBXFileReference</string>
			<key>lastKnownFileType</key>
			<string>sourcecode.c.h</string>
			<key>path</key>
			<string>News.h</string>
			<key>sourceTree</key>
			<string>&lt;group&gt;</string>
		</dict>
		<key>42AA27DA1AB7F5560031F6C1</key>
		<dict>
			<key>fileEncoding</key>
			<string>4</string>
			<key>isa</key>
			<string>PBXFileReference</string>
			<key>lastKnownFileType</key>
			<string>sourcecode.c.objc</string>
			<key>path</key>
			<string>News.m</string>
			<key>sourceTree</key>
			<string>&lt;group&gt;</string>
		</dict>
		<key>42AA27DB1AB7F5560031F6C1</key>
		<dict>
			<key>fileRef</key>
			<string>42AA27DA1AB7F5560031F6C1</string>
			<key>isa</key>
			<string>PBXBuildFile</string>
		</dict>
		<key>42AA27DC1AB7F5B00031F6C1</key>
		<dict>
			<key>fileEncoding</key>
			<string>4</string>
			<key>isa</key>
			<string>PBXFileReference</string>
			<key>lastKnownFileType</key>
			<string>sourcecode.c.h</string>
			<key>path</key>
			<string>CoreDataManager.h</string>
			<key>sourceTree</key>
			<string>&lt;group&gt;</string>
		</dict>
		<key>42AA27DD1AB7F5B00031F6C1</key>
		<dict>
			<key>fileEncoding</key>
			<string>4</string>
			<key>isa</key>
			<string>PBXFileReference</string>
			<key>lastKnownFileType</key>
			<string>sourcecode.c.objc</string>
			<key>path</key>
			<string>CoreDataManager.m</string>
			<key>sourceTree</key>
			<string>&lt;group&gt;</string>
		</dict>
		<key>42AA27DE1AB7F5B00031F6C1</key>
		<dict>
			<key>fileRef</key>
			<string>42AA27DD1AB7F5B00031F6C1</string>
			<key>isa</key>
			<string>PBXBuildFile</string>
		</dict>
		<key>42AA27DF1AB8004E0031F6C1</key>
		<dict>
			<key>fileEncoding</key>
			<string>4</string>
			<key>isa</key>
			<string>PBXFileReference</string>
			<key>lastKnownFileType</key>
			<string>text</string>
			<key>path</key>
			<string>News.txt</string>
			<key>sourceTree</key>
			<string>&lt;group&gt;</string>
		</dict>
		<key>42AA27E01AB8004E0031F6C1</key>
		<dict>
			<key>fileRef</key>
			<string>42AA27DF1AB8004E0031F6C1</string>
			<key>isa</key>
			<string>PBXBuildFile</string>
		</dict>
		<key>42AA27E11AB800760031F6C1</key>
		<dict>
			<key>fileEncoding</key>
			<string>4</string>
			<key>isa</key>
			<string>PBXFileReference</string>
			<key>lastKnownFileType</key>
			<string>sourcecode.c.h</string>
			<key>path</key>
			<string>TableViewController.h</string>
			<key>sourceTree</key>
			<string>&lt;group&gt;</string>
		</dict>
		<key>42AA27E21AB800760031F6C1</key>
		<dict>
			<key>fileEncoding</key>
			<string>4</string>
			<key>isa</key>
			<string>PBXFileReference</string>
			<key>lastKnownFileType</key>
			<string>sourcecode.c.objc</string>
			<key>path</key>
			<string>TableViewController.m</string>
			<key>sourceTree</key>
			<string>&lt;group&gt;</string>
		</dict>
		<key>42AA27E31AB800760031F6C1</key>
		<dict>
			<key>fileRef</key>
			<string>42AA27E21AB800760031F6C1</string>
			<key>isa</key>
			<string>PBXBuildFile</string>
		</dict>
		<key>42AA27E41AB800850031F6C1</key>
		<dict>
			<key>fileEncoding</key>
			<string>4</string>
			<key>isa</key>
			<string>PBXFileReference</string>
			<key>lastKnownFileType</key>
			<string>sourcecode.c.h</string>
			<key>path</key>
			<string>TableViewCell.h</string>
			<key>sourceTree</key>
			<string>&lt;group&gt;</string>
		</dict>
		<key>42AA27E51AB800850031F6C1</key>
		<dict>
			<key>fileEncoding</key>
			<string>4</string>
			<key>isa</key>
			<string>PBXFileReference</string>
			<key>lastKnownFileType</key>
			<string>sourcecode.c.objc</string>
			<key>path</key>
			<string>TableViewCell.m</string>
			<key>sourceTree</key>
			<string>&lt;group&gt;</string>
		</dict>
		<key>42AA27E61AB800850031F6C1</key>
		<dict>
			<key>fileEncoding</key>
			<string>4</string>
			<key>isa</key>
			<string>PBXFileReference</string>
			<key>lastKnownFileType</key>
			<string>file.xib</string>
			<key>path</key>
			<string>TableViewCell.xib</string>
			<key>sourceTree</key>
			<string>&lt;group&gt;</string>
		</dict>
		<key>42AA27E71AB800850031F6C1</key>
		<dict>
			<key>fileRef</key>
			<string>42AA27E51AB800850031F6C1</string>
			<key>isa</key>
			<string>PBXBuildFile</string>
		</dict>
		<key>42AA27E81AB800850031F6C1</key>
		<dict>
			<key>fileRef</key>
			<string>42AA27E61AB800850031F6C1</string>
			<key>isa</key>
			<string>PBXBuildFile</string>
		</dict>
		<key>4CF10891D0EC426ED5C94B85</key>
		<dict>
			<key>children</key>
			<array>
				<string>384428A461C3A02C52C90A62</string>
				<string>B52809BC1C13324ADC6F4C06</string>
			</array>
			<key>isa</key>
			<string>PBXGroup</string>
			<key>name</key>
			<string>Pods</string>
			<key>sourceTree</key>
			<string>&lt;group&gt;</string>
		</dict>
		<key>8AF538968BABBC9A6640D9FC</key>
		<dict>
			<key>fileRef</key>
			<string>2C600E3B8AFE6E2448839735</string>
			<key>isa</key>
			<string>PBXBuildFile</string>
		</dict>
		<key>9A5F6D11073323253A56E4E9</key>
		<dict>
			<key>buildActionMask</key>
			<string>2147483647</string>
			<key>files</key>
			<array/>
			<key>inputPaths</key>
			<array/>
			<key>isa</key>
			<string>PBXShellScriptBuildPhase</string>
			<key>name</key>
			<string>Check Pods Manifest.lock</string>
			<key>outputPaths</key>
			<array/>
			<key>runOnlyForDeploymentPostprocessing</key>
			<string>0</string>
			<key>shellPath</key>
			<string>/bin/sh</string>
			<key>shellScript</key>
			<string>diff "${PODS_ROOT}/../Podfile.lock" "${PODS_ROOT}/Manifest.lock" &gt; /dev/null
if [[ $? != 0 ]] ; then
    cat &lt;&lt; EOM
error: The sandbox is not in sync with the Podfile.lock. Run 'pod install' or update your CocoaPods installation.
EOM
    exit 1
fi
</string>
			<key>showEnvVarsInLog</key>
			<string>0</string>
		</dict>
		<key>AFCB6B91B9450635690A54E7</key>
		<dict>
			<key>buildActionMask</key>
			<string>2147483647</string>
			<key>files</key>
			<array/>
			<key>inputPaths</key>
			<array/>
			<key>isa</key>
			<string>PBXShellScriptBuildPhase</string>
			<key>name</key>
			<string>Copy Pods Resources</string>
			<key>outputPaths</key>
			<array/>
			<key>runOnlyForDeploymentPostprocessing</key>
			<string>0</string>
			<key>shellPath</key>
			<string>/bin/sh</string>
			<key>shellScript</key>
			<string>"${SRCROOT}/Pods/Target Support Files/Pods/Pods-resources.sh"
</string>
			<key>showEnvVarsInLog</key>
			<string>0</string>
		</dict>
		<key>B52809BC1C13324ADC6F4C06</key>
		<dict>
			<key>includeInIndex</key>
			<string>1</string>
			<key>isa</key>
			<string>PBXFileReference</string>
			<key>lastKnownFileType</key>
			<string>text.xcconfig</string>
			<key>name</key>
			<string>Pods.release.xcconfig</string>
			<key>path</key>
			<string>Pods/Target Support Files/Pods/Pods.release.xcconfig</string>
			<key>sourceTree</key>
			<string>&lt;group&gt;</string>
		</dict>
	</dict>
	<key>rootObject</key>
	<string>42AA279A1AB7F42A0031F6C1</string>
</dict>
</plist>
